// !$*UTF8*$!
{
	archiveVersion = 1;
	classes = {
	};
	objectVersion = 56;
	objects = {

/* Begin PBXBuildFile section */
		D684CB372C678F260026B85E /* AuthScreen.swift in Sources */ = {isa = PBXBuildFile; fileRef = D684CB362C678F260026B85E /* AuthScreen.swift */; };
		D684CB462C6797670026B85E /* Outfit-VariableFont_wght.ttf in Resources */ = {isa = PBXBuildFile; fileRef = D684CB392C6797660026B85E /* Outfit-VariableFont_wght.ttf */; };
		D684CB472C6797670026B85E /* Outfit-Bold.ttf in Resources */ = {isa = PBXBuildFile; fileRef = D684CB3B2C6797660026B85E /* Outfit-Bold.ttf */; };
		D684CB482C6797670026B85E /* Outfit-Regular.ttf in Resources */ = {isa = PBXBuildFile; fileRef = D684CB3C2C6797660026B85E /* Outfit-Regular.ttf */; };
		D684CB492C6797670026B85E /* Outfit-Black.ttf in Resources */ = {isa = PBXBuildFile; fileRef = D684CB3D2C6797660026B85E /* Outfit-Black.ttf */; };
		D684CB4A2C6797670026B85E /* Outfit-Thin.ttf in Resources */ = {isa = PBXBuildFile; fileRef = D684CB3E2C6797660026B85E /* Outfit-Thin.ttf */; };
		D684CB4B2C6797670026B85E /* Outfit-SemiBold.ttf in Resources */ = {isa = PBXBuildFile; fileRef = D684CB3F2C6797660026B85E /* Outfit-SemiBold.ttf */; };
		D684CB4C2C6797670026B85E /* Outfit-ExtraLight.ttf in Resources */ = {isa = PBXBuildFile; fileRef = D684CB402C6797660026B85E /* Outfit-ExtraLight.ttf */; };
		D684CB4D2C6797670026B85E /* Outfit-ExtraBold.ttf in Resources */ = {isa = PBXBuildFile; fileRef = D684CB412C6797660026B85E /* Outfit-ExtraBold.ttf */; };
		D684CB4E2C6797670026B85E /* Outfit-Medium.ttf in Resources */ = {isa = PBXBuildFile; fileRef = D684CB422C6797660026B85E /* Outfit-Medium.ttf */; };
		D684CB4F2C6797670026B85E /* Outfit-Light.ttf in Resources */ = {isa = PBXBuildFile; fileRef = D684CB432C6797660026B85E /* Outfit-Light.ttf */; };
		D684CB502C6797670026B85E /* OFL.txt in Resources */ = {isa = PBXBuildFile; fileRef = D684CB442C6797660026B85E /* OFL.txt */; };
		D684CB512C6797670026B85E /* README.txt in Resources */ = {isa = PBXBuildFile; fileRef = D684CB452C6797660026B85E /* README.txt */; };
		D684CB542C67A9150026B85E /* DashScreen.swift in Sources */ = {isa = PBXBuildFile; fileRef = D684CB532C67A9150026B85E /* DashScreen.swift */; };
		D6EEA0BF2C53988F00C45B87 /* PaparazziWalkApp.swift in Sources */ = {isa = PBXBuildFile; fileRef = D6EEA0BE2C53988F00C45B87 /* PaparazziWalkApp.swift */; };
		D6EEA0C12C53988F00C45B87 /* ContentView.swift in Sources */ = {isa = PBXBuildFile; fileRef = D6EEA0C02C53988F00C45B87 /* ContentView.swift */; };
		D6EEA0C32C53989700C45B87 /* Assets.xcassets in Resources */ = {isa = PBXBuildFile; fileRef = D6EEA0C22C53989700C45B87 /* Assets.xcassets */; };
		D6EEA0C62C53989700C45B87 /* Preview Assets.xcassets in Resources */ = {isa = PBXBuildFile; fileRef = D6EEA0C52C53989700C45B87 /* Preview Assets.xcassets */; };
		D6EEA0CE2C5399A100C45B87 /* HealthManager.swift in Sources */ = {isa = PBXBuildFile; fileRef = D6EEA0CD2C5399A100C45B87 /* HealthManager.swift */; };
		D6EEA0D12C539A6A00C45B87 /* HealthStat.swift in Sources */ = {isa = PBXBuildFile; fileRef = D6EEA0D02C539A6A00C45B87 /* HealthStat.swift */; };
		D6EEA0D32C539AA600C45B87 /* HealthView.swift in Sources */ = {isa = PBXBuildFile; fileRef = D6EEA0D22C539AA600C45B87 /* HealthView.swift */; };
/* End PBXBuildFile section */

/* Begin PBXFileReference section */
		D684CB362C678F260026B85E /* AuthScreen.swift */ = {isa = PBXFileReference; lastKnownFileType = sourcecode.swift; path = AuthScreen.swift; sourceTree = "<group>"; };
		D684CB392C6797660026B85E /* Outfit-VariableFont_wght.ttf */ = {isa = PBXFileReference; lastKnownFileType = file; path = "Outfit-VariableFont_wght.ttf"; sourceTree = "<group>"; };
		D684CB3B2C6797660026B85E /* Outfit-Bold.ttf */ = {isa = PBXFileReference; lastKnownFileType = file; path = "Outfit-Bold.ttf"; sourceTree = "<group>"; };
		D684CB3C2C6797660026B85E /* Outfit-Regular.ttf */ = {isa = PBXFileReference; lastKnownFileType = file; path = "Outfit-Regular.ttf"; sourceTree = "<group>"; };
		D684CB3D2C6797660026B85E /* Outfit-Black.ttf */ = {isa = PBXFileReference; lastKnownFileType = file; path = "Outfit-Black.ttf"; sourceTree = "<group>"; };
		D684CB3E2C6797660026B85E /* Outfit-Thin.ttf */ = {isa = PBXFileReference; lastKnownFileType = file; path = "Outfit-Thin.ttf"; sourceTree = "<group>"; };
		D684CB3F2C6797660026B85E /* Outfit-SemiBold.ttf */ = {isa = PBXFileReference; lastKnownFileType = file; path = "Outfit-SemiBold.ttf"; sourceTree = "<group>"; };
		D684CB402C6797660026B85E /* Outfit-ExtraLight.ttf */ = {isa = PBXFileReference; lastKnownFileType = file; path = "Outfit-ExtraLight.ttf"; sourceTree = "<group>"; };
		D684CB412C6797660026B85E /* Outfit-ExtraBold.ttf */ = {isa = PBXFileReference; lastKnownFileType = file; path = "Outfit-ExtraBold.ttf"; sourceTree = "<group>"; };
		D684CB422C6797660026B85E /* Outfit-Medium.ttf */ = {isa = PBXFileReference; lastKnownFileType = file; path = "Outfit-Medium.ttf"; sourceTree = "<group>"; };
		D684CB432C6797660026B85E /* Outfit-Light.ttf */ = {isa = PBXFileReference; lastKnownFileType = file; path = "Outfit-Light.ttf"; sourceTree = "<group>"; };
		D684CB442C6797660026B85E /* OFL.txt */ = {isa = PBXFileReference; fileEncoding = 4; lastKnownFileType = text; path = OFL.txt; sourceTree = "<group>"; };
		D684CB452C6797660026B85E /* README.txt */ = {isa = PBXFileReference; fileEncoding = 4; lastKnownFileType = text; path = README.txt; sourceTree = "<group>"; };
		D684CB522C6797940026B85E /* Info.plist */ = {isa = PBXFileReference; lastKnownFileType = text.plist; path = Info.plist; sourceTree = "<group>"; };
		D684CB532C67A9150026B85E /* DashScreen.swift */ = {isa = PBXFileReference; lastKnownFileType = sourcecode.swift; path = DashScreen.swift; sourceTree = "<group>"; };
		D6EEA0BB2C53988F00C45B87 /* PaparazziWalk.app */ = {isa = PBXFileReference; explicitFileType = wrapper.application; includeInIndex = 0; path = PaparazziWalk.app; sourceTree = BUILT_PRODUCTS_DIR; };
		D6EEA0BE2C53988F00C45B87 /* PaparazziWalkApp.swift */ = {isa = PBXFileReference; lastKnownFileType = sourcecode.swift; path = PaparazziWalkApp.swift; sourceTree = "<group>"; };
		D6EEA0C02C53988F00C45B87 /* ContentView.swift */ = {isa = PBXFileReference; lastKnownFileType = sourcecode.swift; path = ContentView.swift; sourceTree = "<group>"; };
		D6EEA0C22C53989700C45B87 /* Assets.xcassets */ = {isa = PBXFileReference; lastKnownFileType = folder.assetcatalog; path = Assets.xcassets; sourceTree = "<group>"; };
		D6EEA0C52C53989700C45B87 /* Preview Assets.xcassets */ = {isa = PBXFileReference; lastKnownFileType = folder.assetcatalog; path = "Preview Assets.xcassets"; sourceTree = "<group>"; };
		D6EEA0CD2C5399A100C45B87 /* HealthManager.swift */ = {isa = PBXFileReference; lastKnownFileType = sourcecode.swift; path = HealthManager.swift; sourceTree = "<group>"; };
		D6EEA0CF2C539A0700C45B87 /* PaparazziWalk.entitlements */ = {isa = PBXFileReference; lastKnownFileType = text.plist.entitlements; path = PaparazziWalk.entitlements; sourceTree = "<group>"; };
		D6EEA0D02C539A6A00C45B87 /* HealthStat.swift */ = {isa = PBXFileReference; lastKnownFileType = sourcecode.swift; path = HealthStat.swift; sourceTree = "<group>"; };
		D6EEA0D22C539AA600C45B87 /* HealthView.swift */ = {isa = PBXFileReference; lastKnownFileType = sourcecode.swift; path = HealthView.swift; sourceTree = "<group>"; };
/* End PBXFileReference section */

/* Begin PBXFrameworksBuildPhase section */
		D6EEA0B82C53988F00C45B87 /* Frameworks */ = {
			isa = PBXFrameworksBuildPhase;
			buildActionMask = 2147483647;
			files = (
			);
			runOnlyForDeploymentPostprocessing = 0;
		};
/* End PBXFrameworksBuildPhase section */

/* Begin PBXGroup section */
		D684CB352C678EFB0026B85E /* Screens */ = {
			isa = PBXGroup;
			children = (
				D684CB362C678F260026B85E /* AuthScreen.swift */,
				D684CB532C67A9150026B85E /* DashScreen.swift */,
			);
			path = Screens;
			sourceTree = "<group>";
		};
		D684CB382C6797660026B85E /* OutfitFont */ = {
			isa = PBXGroup;
			children = (
				D684CB392C6797660026B85E /* Outfit-VariableFont_wght.ttf */,
				D684CB3A2C6797660026B85E /* static */,
				D684CB442C6797660026B85E /* OFL.txt */,
				D684CB452C6797660026B85E /* README.txt */,
			);
			path = OutfitFont;
			sourceTree = "<group>";
		};
		D684CB3A2C6797660026B85E /* static */ = {
			isa = PBXGroup;
			children = (
				D684CB3B2C6797660026B85E /* Outfit-Bold.ttf */,
				D684CB3C2C6797660026B85E /* Outfit-Regular.ttf */,
				D684CB3D2C6797660026B85E /* Outfit-Black.ttf */,
				D684CB3E2C6797660026B85E /* Outfit-Thin.ttf */,
				D684CB3F2C6797660026B85E /* Outfit-SemiBold.ttf */,
				D684CB402C6797660026B85E /* Outfit-ExtraLight.ttf */,
				D684CB412C6797660026B85E /* Outfit-ExtraBold.ttf */,
				D684CB422C6797660026B85E /* Outfit-Medium.ttf */,
				D684CB432C6797660026B85E /* Outfit-Light.ttf */,
			);
			path = static;
			sourceTree = "<group>";
		};
		D6EEA0B22C53988F00C45B87 = {
			isa = PBXGroup;
			children = (
				D684CB382C6797660026B85E /* OutfitFont */,
				D6EEA0BD2C53988F00C45B87 /* PaparazziWalk */,
				D6EEA0BC2C53988F00C45B87 /* Products */,
			);
			sourceTree = "<group>";
		};
		D6EEA0BC2C53988F00C45B87 /* Products */ = {
			isa = PBXGroup;
			children = (
				D6EEA0BB2C53988F00C45B87 /* PaparazziWalk.app */,
			);
			name = Products;
			sourceTree = "<group>";
		};
		D6EEA0BD2C53988F00C45B87 /* PaparazziWalk */ = {
			isa = PBXGroup;
			children = (
				D684CB522C6797940026B85E /* Info.plist */,
				D684CB352C678EFB0026B85E /* Screens */,
				D6EEA0CF2C539A0700C45B87 /* PaparazziWalk.entitlements */,
				D6EEA0CC2C53996000C45B87 /* HealthInfo */,
				D6EEA0BE2C53988F00C45B87 /* PaparazziWalkApp.swift */,
				D6EEA0C02C53988F00C45B87 /* ContentView.swift */,
				D6EEA0C22C53989700C45B87 /* Assets.xcassets */,
				D6EEA0C42C53989700C45B87 /* Preview Content */,
			);
			path = PaparazziWalk;
			sourceTree = "<group>";
		};
		D6EEA0C42C53989700C45B87 /* Preview Content */ = {
			isa = PBXGroup;
			children = (
				D6EEA0C52C53989700C45B87 /* Preview Assets.xcassets */,
			);
			path = "Preview Content";
			sourceTree = "<group>";
		};
		D6EEA0CC2C53996000C45B87 /* HealthInfo */ = {
			isa = PBXGroup;
			children = (
				D6EEA0CD2C5399A100C45B87 /* HealthManager.swift */,
				D6EEA0D02C539A6A00C45B87 /* HealthStat.swift */,
				D6EEA0D22C539AA600C45B87 /* HealthView.swift */,
			);
			path = HealthInfo;
			sourceTree = "<group>";
		};
/* End PBXGroup section */

/* Begin PBXNativeTarget section */
		D6EEA0BA2C53988F00C45B87 /* PaparazziWalk */ = {
			isa = PBXNativeTarget;
			buildConfigurationList = D6EEA0C92C53989700C45B87 /* Build configuration list for PBXNativeTarget "PaparazziWalk" */;
			buildPhases = (
				D6EEA0B72C53988F00C45B87 /* Sources */,
				D6EEA0B82C53988F00C45B87 /* Frameworks */,
				D6EEA0B92C53988F00C45B87 /* Resources */,
			);
			buildRules = (
			);
			dependencies = (
			);
			name = PaparazziWalk;
			productName = PaparazziWalk;
			productReference = D6EEA0BB2C53988F00C45B87 /* PaparazziWalk.app */;
			productType = "com.apple.product-type.application";
		};
/* End PBXNativeTarget section */

/* Begin PBXProject section */
		D6EEA0B32C53988F00C45B87 /* Project object */ = {
			isa = PBXProject;
			attributes = {
				BuildIndependentTargetsInParallel = 1;
				LastSwiftUpdateCheck = 1520;
				LastUpgradeCheck = 1520;
				TargetAttributes = {
					D6EEA0BA2C53988F00C45B87 = {
						CreatedOnToolsVersion = 15.2;
					};
				};
			};
			buildConfigurationList = D6EEA0B62C53988F00C45B87 /* Build configuration list for PBXProject "PaparazziWalk" */;
			compatibilityVersion = "Xcode 14.0";
			developmentRegion = en;
			hasScannedForEncodings = 0;
			knownRegions = (
				en,
				Base,
			);
			mainGroup = D6EEA0B22C53988F00C45B87;
			productRefGroup = D6EEA0BC2C53988F00C45B87 /* Products */;
			projectDirPath = "";
			projectRoot = "";
			targets = (
				D6EEA0BA2C53988F00C45B87 /* PaparazziWalk */,
			);
		};
/* End PBXProject section */

/* Begin PBXResourcesBuildPhase section */
		D6EEA0B92C53988F00C45B87 /* Resources */ = {
			isa = PBXResourcesBuildPhase;
			buildActionMask = 2147483647;
			files = (
				D684CB472C6797670026B85E /* Outfit-Bold.ttf in Resources */,
				D684CB462C6797670026B85E /* Outfit-VariableFont_wght.ttf in Resources */,
				D6EEA0C62C53989700C45B87 /* Preview Assets.xcassets in Resources */,
				D684CB4A2C6797670026B85E /* Outfit-Thin.ttf in Resources */,
				D684CB482C6797670026B85E /* Outfit-Regular.ttf in Resources */,
				D6EEA0C32C53989700C45B87 /* Assets.xcassets in Resources */,
				D684CB4B2C6797670026B85E /* Outfit-SemiBold.ttf in Resources */,
				D684CB4D2C6797670026B85E /* Outfit-ExtraBold.ttf in Resources */,
				D684CB502C6797670026B85E /* OFL.txt in Resources */,
				D684CB4F2C6797670026B85E /* Outfit-Light.ttf in Resources */,
				D684CB4C2C6797670026B85E /* Outfit-ExtraLight.ttf in Resources */,
				D684CB4E2C6797670026B85E /* Outfit-Medium.ttf in Resources */,
				D684CB512C6797670026B85E /* README.txt in Resources */,
				D684CB492C6797670026B85E /* Outfit-Black.ttf in Resources */,
			);
			runOnlyForDeploymentPostprocessing = 0;
		};
/* End PBXResourcesBuildPhase section */

/* Begin PBXSourcesBuildPhase section */
		D6EEA0B72C53988F00C45B87 /* Sources */ = {
			isa = PBXSourcesBuildPhase;
			buildActionMask = 2147483647;
			files = (
				D684CB542C67A9150026B85E /* DashScreen.swift in Sources */,
				D6EEA0C12C53988F00C45B87 /* ContentView.swift in Sources */,
				D6EEA0D12C539A6A00C45B87 /* HealthStat.swift in Sources */,
				D6EEA0CE2C5399A100C45B87 /* HealthManager.swift in Sources */,
				D6EEA0D32C539AA600C45B87 /* HealthView.swift in Sources */,
				D6EEA0BF2C53988F00C45B87 /* PaparazziWalkApp.swift in Sources */,
				D684CB372C678F260026B85E /* AuthScreen.swift in Sources */,
			);
			runOnlyForDeploymentPostprocessing = 0;
		};
/* End PBXSourcesBuildPhase section */

/* Begin XCBuildConfiguration section */
		D6EEA0C72C53989700C45B87 /* Debug */ = {
			isa = XCBuildConfiguration;
			buildSettings = {
				ALWAYS_SEARCH_USER_PATHS = NO;
				ASSETCATALOG_COMPILER_GENERATE_SWIFT_ASSET_SYMBOL_EXTENSIONS = YES;
				CLANG_ANALYZER_NONNULL = YES;
				CLANG_ANALYZER_NUMBER_OBJECT_CONVERSION = YES_AGGRESSIVE;
				CLANG_CXX_LANGUAGE_STANDARD = "gnu++20";
				CLANG_ENABLE_MODULES = YES;
				CLANG_ENABLE_OBJC_ARC = YES;
				CLANG_ENABLE_OBJC_WEAK = YES;
				CLANG_WARN_BLOCK_CAPTURE_AUTORELEASING = YES;
				CLANG_WARN_BOOL_CONVERSION = YES;
				CLANG_WARN_COMMA = YES;
				CLANG_WARN_CONSTANT_CONVERSION = YES;
				CLANG_WARN_DEPRECATED_OBJC_IMPLEMENTATIONS = YES;
				CLANG_WARN_DIRECT_OBJC_ISA_USAGE = YES_ERROR;
				CLANG_WARN_DOCUMENTATION_COMMENTS = YES;
				CLANG_WARN_EMPTY_BODY = YES;
				CLANG_WARN_ENUM_CONVERSION = YES;
				CLANG_WARN_INFINITE_RECURSION = YES;
				CLANG_WARN_INT_CONVERSION = YES;
				CLANG_WARN_NON_LITERAL_NULL_CONVERSION = YES;
				CLANG_WARN_OBJC_IMPLICIT_RETAIN_SELF = YES;
				CLANG_WARN_OBJC_LITERAL_CONVERSION = YES;
				CLANG_WARN_OBJC_ROOT_CLASS = YES_ERROR;
				CLANG_WARN_QUOTED_INCLUDE_IN_FRAMEWORK_HEADER = YES;
				CLANG_WARN_RANGE_LOOP_ANALYSIS = YES;
				CLANG_WARN_STRICT_PROTOTYPES = YES;
				CLANG_WARN_SUSPICIOUS_MOVE = YES;
				CLANG_WARN_UNGUARDED_AVAILABILITY = YES_AGGRESSIVE;
				CLANG_WARN_UNREACHABLE_CODE = YES;
				CLANG_WARN__DUPLICATE_METHOD_MATCH = YES;
				COPY_PHASE_STRIP = NO;
				DEBUG_INFORMATION_FORMAT = dwarf;
				ENABLE_STRICT_OBJC_MSGSEND = YES;
				ENABLE_TESTABILITY = YES;
				ENABLE_USER_SCRIPT_SANDBOXING = YES;
				GCC_C_LANGUAGE_STANDARD = gnu17;
				GCC_DYNAMIC_NO_PIC = NO;
				GCC_NO_COMMON_BLOCKS = YES;
				GCC_OPTIMIZATION_LEVEL = 0;
				GCC_PREPROCESSOR_DEFINITIONS = (
					"DEBUG=1",
					"$(inherited)",
				);
				GCC_WARN_64_TO_32_BIT_CONVERSION = YES;
				GCC_WARN_ABOUT_RETURN_TYPE = YES_ERROR;
				GCC_WARN_UNDECLARED_SELECTOR = YES;
				GCC_WARN_UNINITIALIZED_AUTOS = YES_AGGRESSIVE;
				GCC_WARN_UNUSED_FUNCTION = YES;
				GCC_WARN_UNUSED_VARIABLE = YES;
				IPHONEOS_DEPLOYMENT_TARGET = 17.2;
				LOCALIZATION_PREFERS_STRING_CATALOGS = YES;
				MTL_ENABLE_DEBUG_INFO = INCLUDE_SOURCE;
				MTL_FAST_MATH = YES;
				ONLY_ACTIVE_ARCH = YES;
				SDKROOT = iphoneos;
				SWIFT_ACTIVE_COMPILATION_CONDITIONS = "DEBUG $(inherited)";
				SWIFT_OPTIMIZATION_LEVEL = "-Onone";
			};
			name = Debug;
		};
		D6EEA0C82C53989700C45B87 /* Release */ = {
			isa = XCBuildConfiguration;
			buildSettings = {
				ALWAYS_SEARCH_USER_PATHS = NO;
				ASSETCATALOG_COMPILER_GENERATE_SWIFT_ASSET_SYMBOL_EXTENSIONS = YES;
				CLANG_ANALYZER_NONNULL = YES;
				CLANG_ANALYZER_NUMBER_OBJECT_CONVERSION = YES_AGGRESSIVE;
				CLANG_CXX_LANGUAGE_STANDARD = "gnu++20";
				CLANG_ENABLE_MODULES = YES;
				CLANG_ENABLE_OBJC_ARC = YES;
				CLANG_ENABLE_OBJC_WEAK = YES;
				CLANG_WARN_BLOCK_CAPTURE_AUTORELEASING = YES;
				CLANG_WARN_BOOL_CONVERSION = YES;
				CLANG_WARN_COMMA = YES;
				CLANG_WARN_CONSTANT_CONVERSION = YES;
				CLANG_WARN_DEPRECATED_OBJC_IMPLEMENTATIONS = YES;
				CLANG_WARN_DIRECT_OBJC_ISA_USAGE = YES_ERROR;
				CLANG_WARN_DOCUMENTATION_COMMENTS = YES;
				CLANG_WARN_EMPTY_BODY = YES;
				CLANG_WARN_ENUM_CONVERSION = YES;
				CLANG_WARN_INFINITE_RECURSION = YES;
				CLANG_WARN_INT_CONVERSION = YES;
				CLANG_WARN_NON_LITERAL_NULL_CONVERSION = YES;
				CLANG_WARN_OBJC_IMPLICIT_RETAIN_SELF = YES;
				CLANG_WARN_OBJC_LITERAL_CONVERSION = YES;
				CLANG_WARN_OBJC_ROOT_CLASS = YES_ERROR;
				CLANG_WARN_QUOTED_INCLUDE_IN_FRAMEWORK_HEADER = YES;
				CLANG_WARN_RANGE_LOOP_ANALYSIS = YES;
				CLANG_WARN_STRICT_PROTOTYPES = YES;
				CLANG_WARN_SUSPICIOUS_MOVE = YES;
				CLANG_WARN_UNGUARDED_AVAILABILITY = YES_AGGRESSIVE;
				CLANG_WARN_UNREACHABLE_CODE = YES;
				CLANG_WARN__DUPLICATE_METHOD_MATCH = YES;
				COPY_PHASE_STRIP = NO;
				DEBUG_INFORMATION_FORMAT = "dwarf-with-dsym";
				ENABLE_NS_ASSERTIONS = NO;
				ENABLE_STRICT_OBJC_MSGSEND = YES;
				ENABLE_USER_SCRIPT_SANDBOXING = YES;
				GCC_C_LANGUAGE_STANDARD = gnu17;
				GCC_NO_COMMON_BLOCKS = YES;
				GCC_WARN_64_TO_32_BIT_CONVERSION = YES;
				GCC_WARN_ABOUT_RETURN_TYPE = YES_ERROR;
				GCC_WARN_UNDECLARED_SELECTOR = YES;
				GCC_WARN_UNINITIALIZED_AUTOS = YES_AGGRESSIVE;
				GCC_WARN_UNUSED_FUNCTION = YES;
				GCC_WARN_UNUSED_VARIABLE = YES;
				IPHONEOS_DEPLOYMENT_TARGET = 17.2;
				LOCALIZATION_PREFERS_STRING_CATALOGS = YES;
				MTL_ENABLE_DEBUG_INFO = NO;
				MTL_FAST_MATH = YES;
				SDKROOT = iphoneos;
				SWIFT_COMPILATION_MODE = wholemodule;
				VALIDATE_PRODUCT = YES;
			};
			name = Release;
		};
		D6EEA0CA2C53989700C45B87 /* Debug */ = {
			isa = XCBuildConfiguration;
			buildSettings = {
				ASSETCATALOG_COMPILER_APPICON_NAME = AppIcon;
				ASSETCATALOG_COMPILER_GLOBAL_ACCENT_COLOR_NAME = AccentColor;
				CODE_SIGN_ENTITLEMENTS = PaparazziWalk/PaparazziWalk.entitlements;
				CODE_SIGN_STYLE = Automatic;
				CURRENT_PROJECT_VERSION = 1;
				DEVELOPMENT_ASSET_PATHS = "\"PaparazziWalk/Preview Content\"";
				DEVELOPMENT_TEAM = X7X493CTRK;
				ENABLE_PREVIEWS = YES;
				GENERATE_INFOPLIST_FILE = YES;
				INFOPLIST_FILE = PaparazziWalk/Info.plist;
				INFOPLIST_KEY_NSHealthShareUsageDescription = "This app would like to access your health data to display it here.";
				INFOPLIST_KEY_UIApplicationSceneManifest_Generation = YES;
				INFOPLIST_KEY_UIApplicationSupportsIndirectInputEvents = YES;
				INFOPLIST_KEY_UILaunchScreen_Generation = YES;
				INFOPLIST_KEY_UISupportedInterfaceOrientations_iPad = "UIInterfaceOrientationPortrait UIInterfaceOrientationPortraitUpsideDown UIInterfaceOrientationLandscapeLeft UIInterfaceOrientationLandscapeRight";
				INFOPLIST_KEY_UISupportedInterfaceOrientations_iPhone = "UIInterfaceOrientationPortrait UIInterfaceOrientationLandscapeLeft UIInterfaceOrientationLandscapeRight";
				LD_RUNPATH_SEARCH_PATHS = (
					"$(inherited)",
					"@executable_path/Frameworks",
				);
				MARKETING_VERSION = 1.0;
				PRODUCT_BUNDLE_IDENTIFIER = co.za.openwindow.PaparazziWalk;
				PRODUCT_NAME = "$(TARGET_NAME)";
				SWIFT_EMIT_LOC_STRINGS = YES;
				SWIFT_VERSION = 5.0;
				TARGETED_DEVICE_FAMILY = "1,2";
			};
			name = Debug;
		};
		D6EEA0CB2C53989700C45B87 /* Release */ = {
			isa = XCBuildConfiguration;
			buildSettings = {
				ASSETCATALOG_COMPILER_APPICON_NAME = AppIcon;
				ASSETCATALOG_COMPILER_GLOBAL_ACCENT_COLOR_NAME = AccentColor;
				CODE_SIGN_ENTITLEMENTS = PaparazziWalk/PaparazziWalk.entitlements;
				CODE_SIGN_STYLE = Automatic;
				CURRENT_PROJECT_VERSION = 1;
				DEVELOPMENT_ASSET_PATHS = "\"PaparazziWalk/Preview Content\"";
				DEVELOPMENT_TEAM = X7X493CTRK;
				ENABLE_PREVIEWS = YES;
				GENERATE_INFOPLIST_FILE = YES;
				INFOPLIST_FILE = PaparazziWalk/Info.plist;
				INFOPLIST_KEY_NSHealthShareUsageDescription = "This app would like to access your health data to display it here.";
				INFOPLIST_KEY_UIApplicationSceneManifest_Generation = YES;
				INFOPLIST_KEY_UIApplicationSupportsIndirectInputEvents = YES;
				INFOPLIST_KEY_UILaunchScreen_Generation = YES;
				INFOPLIST_KEY_UISupportedInterfaceOrientations_iPad = "UIInterfaceOrientationPortrait UIInterfaceOrientationPortraitUpsideDown UIInterfaceOrientationLandscapeLeft UIInterfaceOrientationLandscapeRight";
				INFOPLIST_KEY_UISupportedInterfaceOrientations_iPhone = "UIInterfaceOrientationPortrait UIInterfaceOrientationLandscapeLeft UIInterfaceOrientationLandscapeRight";
				LD_RUNPATH_SEARCH_PATHS = (
					"$(inherited)",
					"@executable_path/Frameworks",
				);
				MARKETING_VERSION = 1.0;
				PRODUCT_BUNDLE_IDENTIFIER = co.za.openwindow.PaparazziWalk;
				PRODUCT_NAME = "$(TARGET_NAME)";
				SWIFT_EMIT_LOC_STRINGS = YES;
				SWIFT_VERSION = 5.0;
				TARGETED_DEVICE_FAMILY = "1,2";
			};
			name = Release;
		};
/* End XCBuildConfiguration section */

/* Begin XCConfigurationList section */
		D6EEA0B62C53988F00C45B87 /* Build configuration list for PBXProject "PaparazziWalk" */ = {
			isa = XCConfigurationList;
			buildConfigurations = (
				D6EEA0C72C53989700C45B87 /* Debug */,
				D6EEA0C82C53989700C45B87 /* Release */,
			);
			defaultConfigurationIsVisible = 0;
			defaultConfigurationName = Release;
		};
		D6EEA0C92C53989700C45B87 /* Build configuration list for PBXNativeTarget "PaparazziWalk" */ = {
			isa = XCConfigurationList;
			buildConfigurations = (
				D6EEA0CA2C53989700C45B87 /* Debug */,
				D6EEA0CB2C53989700C45B87 /* Release */,
			);
			defaultConfigurationIsVisible = 0;
			defaultConfigurationName = Release;
		};
/* End XCConfigurationList section */
	};
	rootObject = D6EEA0B32C53988F00C45B87 /* Project object */;
}
